
Microsoft Visual Studio Solution File, Format Version 12.00
# Visual Studio Version 17
VisualStudioVersion = 17.13.35825.156 d17.13
MinimumVisualStudioVersion = 10.0.40219.1
Project("{FAE04EC0-301F-11D3-BF4B-00C04F79EFBC}") = "SmartShiftScheduler", "SmartShiftScheduler\SmartShiftScheduler.csproj", "{0C22B672-9C2C-454D-82F3-768AF76B79ED}"
EndProject
Global
	GlobalSection(SolutionConfigurationPlatforms) = preSolution
		Debug|Any CPU = Debug|Any CPU
		Release|Any CPU = Release|Any CPU
	EndGlobalSection
	GlobalSection(ProjectConfigurationPlatforms) = postSolution
		{0C22B672-9C2C-454D-82F3-768AF76B79ED}.Debug|Any CPU.ActiveCfg = Debug|Any CPU
		{0C22B672-9C2C-454D-82F3-768AF76B79ED}.Debug|Any CPU.Build.0 = Debug|Any CPU
		{0C22B672-9C2C-454D-82F3-768AF76B79ED}.Release|Any CPU.ActiveCfg = Release|Any CPU
		{0C22B672-9C2C-454D-82F3-768AF76B79ED}.Release|Any CPU.Build.0 = Release|Any CPU
	EndGlobalSection
	GlobalSection(SolutionProperties) = preSolution
		HideSolutionNode = FALSE
	EndGlobalSection
	GlobalSection(ExtensibilityGlobals) = postSolution
		SolutionGuid = {7235540F-4105-490C-8075-26DC03946267}
	EndGlobalSection
EndGlobal
